// !$*UTF8*$!
{
	archiveVersion = 1;
	classes = {
	};
	objectVersion = 56;
	objects = {

/* Begin PBXBuildFile section */
		80210A7129E56EC6005FCB32 /* PlayerNormal.atlas in Resources */ = {isa = PBXBuildFile; fileRef = 80210A7029E56EC6005FCB32 /* PlayerNormal.atlas */; };
		80210A7329E57195005FCB32 /* EnemyTurbo.atlas in Resources */ = {isa = PBXBuildFile; fileRef = 80210A7229E57195005FCB32 /* EnemyTurbo.atlas */; };
		802C22CA29E44B1E0038841E /* String.swift in Sources */ = {isa = PBXBuildFile; fileRef = 802C22C929E44B1E0038841E /* String.swift */; };
		802C22CC29E450EF0038841E /* Components.swift in Sources */ = {isa = PBXBuildFile; fileRef = 802C22CB29E450EF0038841E /* Components.swift */; };
		802DF9EB29E4D1EE003EC66D /* PlayerTurbo.atlas in Resources */ = {isa = PBXBuildFile; fileRef = 802DF9EA29E4D1EE003EC66D /* PlayerTurbo.atlas */; };
		804188CA29E5BBF80026E88E /* CGPoint.swift in Sources */ = {isa = PBXBuildFile; fileRef = 804188C929E5BBF80026E88E /* CGPoint.swift */; };
		80731ACA29E69C7900B6BBF7 /* GameScene+Create.swift in Sources */ = {isa = PBXBuildFile; fileRef = 80731AC929E69C7900B6BBF7 /* GameScene+Create.swift */; };
		80731ACC29E69D3F00B6BBF7 /* GameScene+UITouch.swift in Sources */ = {isa = PBXBuildFile; fileRef = 80731ACB29E69D3F00B6BBF7 /* GameScene+UITouch.swift */; };
		80731ACE29E69E5B00B6BBF7 /* GameScene+Delegates.swift in Sources */ = {isa = PBXBuildFile; fileRef = 80731ACD29E69E5B00B6BBF7 /* GameScene+Delegates.swift */; };
		80731AD029E69EBF00B6BBF7 /* GameScene+Collisions.swift in Sources */ = {isa = PBXBuildFile; fileRef = 80731ACF29E69EBF00B6BBF7 /* GameScene+Collisions.swift */; };
		809E8EA229E42026001AB601 /* AppDelegate.swift in Sources */ = {isa = PBXBuildFile; fileRef = 809E8EA129E42026001AB601 /* AppDelegate.swift */; };
		809E8EAA29E42026001AB601 /* MainViewController.swift in Sources */ = {isa = PBXBuildFile; fileRef = 809E8EA929E42026001AB601 /* MainViewController.swift */; };
		809E8EAD29E42026001AB601 /* Main.storyboard in Resources */ = {isa = PBXBuildFile; fileRef = 809E8EAB29E42026001AB601 /* Main.storyboard */; };
		809E8EAF29E42027001AB601 /* Assets.xcassets in Resources */ = {isa = PBXBuildFile; fileRef = 809E8EAE29E42027001AB601 /* Assets.xcassets */; };
		809E8EB229E42027001AB601 /* LaunchScreen.storyboard in Resources */ = {isa = PBXBuildFile; fileRef = 809E8EB029E42027001AB601 /* LaunchScreen.storyboard */; };
		809E8EB929E4211A001AB601 /* MainMenuScene.swift in Sources */ = {isa = PBXBuildFile; fileRef = 809E8EB829E4211A001AB601 /* MainMenuScene.swift */; };
		809E8EBE29E422CA001AB601 /* short-laser-gun-shot.wav in Resources */ = {isa = PBXBuildFile; fileRef = 809E8EBC29E422C9001AB601 /* short-laser-gun-shot.wav */; };
		809E8EBF29E422CA001AB601 /* space-game.wav in Resources */ = {isa = PBXBuildFile; fileRef = 809E8EBD29E422CA001AB601 /* space-game.wav */; };
		809E8EC229E422E9001AB601 /* start-level.wav in Resources */ = {isa = PBXBuildFile; fileRef = 809E8EC029E422E8001AB601 /* start-level.wav */; };
		809E8EC329E422E9001AB601 /* menu.wav in Resources */ = {isa = PBXBuildFile; fileRef = 809E8EC129E422E9001AB601 /* menu.wav */; };
		809E8EC829E42614001AB601 /* Roboto-Regular.ttf in Resources */ = {isa = PBXBuildFile; fileRef = 809E8EC629E42614001AB601 /* Roboto-Regular.ttf */; };
		809E8EC929E42614001AB601 /* Roboto-Thin.ttf in Resources */ = {isa = PBXBuildFile; fileRef = 809E8EC729E42614001AB601 /* Roboto-Thin.ttf */; };
		809E8ECD29E42DAB001AB601 /* GameScene.swift in Sources */ = {isa = PBXBuildFile; fileRef = 809E8ECC29E42DAB001AB601 /* GameScene.swift */; };
		80B20E7529E74C0F0097F28E /* Constants.swift in Sources */ = {isa = PBXBuildFile; fileRef = 80B20E7429E74C0F0097F28E /* Constants.swift */; };
		80B20E7A29E74F770097F28E /* Localizable.strings in Resources */ = {isa = PBXBuildFile; fileRef = 80B20E7C29E74F770097F28E /* Localizable.strings */; };
		80F0DB7529E575F400F8782B /* GameOverScene.swift in Sources */ = {isa = PBXBuildFile; fileRef = 80F0DB7429E575F400F8782B /* GameOverScene.swift */; };
		80F0DB7729E595BE00F8782B /* EnemyExplosion.atlas in Resources */ = {isa = PBXBuildFile; fileRef = 80F0DB7629E595BE00F8782B /* EnemyExplosion.atlas */; };
		80F0DB7929E595C300F8782B /* Explosion.atlas in Resources */ = {isa = PBXBuildFile; fileRef = 80F0DB7829E595C300F8782B /* Explosion.atlas */; };
		80F0DB7B29E595C700F8782B /* PlayerExplosion.atlas in Resources */ = {isa = PBXBuildFile; fileRef = 80F0DB7A29E595C700F8782B /* PlayerExplosion.atlas */; };
		80F0DB7E29E59BA600F8782B /* player-explosion.wav in Resources */ = {isa = PBXBuildFile; fileRef = 80F0DB7C29E59BA600F8782B /* player-explosion.wav */; };
		80F0DB7F29E59BA600F8782B /* enemy-explosion.wav in Resources */ = {isa = PBXBuildFile; fileRef = 80F0DB7D29E59BA600F8782B /* enemy-explosion.wav */; };
		80F0DB8229E59DCF00F8782B /* ScoreManager.swift in Sources */ = {isa = PBXBuildFile; fileRef = 80F0DB8129E59DCF00F8782B /* ScoreManager.swift */; };
/* End PBXBuildFile section */

/* Begin PBXFileReference section */
		80210A7029E56EC6005FCB32 /* PlayerNormal.atlas */ = {isa = PBXFileReference; lastKnownFileType = folder.skatlas; path = PlayerNormal.atlas; sourceTree = "<group>"; };
		80210A7229E57195005FCB32 /* EnemyTurbo.atlas */ = {isa = PBXFileReference; lastKnownFileType = folder.skatlas; path = EnemyTurbo.atlas; sourceTree = "<group>"; };
		802C22C929E44B1E0038841E /* String.swift */ = {isa = PBXFileReference; lastKnownFileType = sourcecode.swift; path = String.swift; sourceTree = "<group>"; };
		802C22CB29E450EF0038841E /* Components.swift */ = {isa = PBXFileReference; lastKnownFileType = sourcecode.swift; path = Components.swift; sourceTree = "<group>"; };
		802DF9EA29E4D1EE003EC66D /* PlayerTurbo.atlas */ = {isa = PBXFileReference; lastKnownFileType = folder.skatlas; path = PlayerTurbo.atlas; sourceTree = "<group>"; };
		804188C929E5BBF80026E88E /* CGPoint.swift */ = {isa = PBXFileReference; lastKnownFileType = sourcecode.swift; path = CGPoint.swift; sourceTree = "<group>"; };
		80731AC929E69C7900B6BBF7 /* GameScene+Create.swift */ = {isa = PBXFileReference; lastKnownFileType = sourcecode.swift; path = "GameScene+Create.swift"; sourceTree = "<group>"; };
		80731ACB29E69D3F00B6BBF7 /* GameScene+UITouch.swift */ = {isa = PBXFileReference; lastKnownFileType = sourcecode.swift; path = "GameScene+UITouch.swift"; sourceTree = "<group>"; };
		80731ACD29E69E5B00B6BBF7 /* GameScene+Delegates.swift */ = {isa = PBXFileReference; lastKnownFileType = sourcecode.swift; path = "GameScene+Delegates.swift"; sourceTree = "<group>"; };
		80731ACF29E69EBF00B6BBF7 /* GameScene+Collisions.swift */ = {isa = PBXFileReference; lastKnownFileType = sourcecode.swift; path = "GameScene+Collisions.swift"; sourceTree = "<group>"; };
		809E8E9E29E42026001AB601 /* space-war.app */ = {isa = PBXFileReference; explicitFileType = wrapper.application; includeInIndex = 0; path = "space-war.app"; sourceTree = BUILT_PRODUCTS_DIR; };
		809E8EA129E42026001AB601 /* AppDelegate.swift */ = {isa = PBXFileReference; lastKnownFileType = sourcecode.swift; path = AppDelegate.swift; sourceTree = "<group>"; };
		809E8EA929E42026001AB601 /* MainViewController.swift */ = {isa = PBXFileReference; lastKnownFileType = sourcecode.swift; path = MainViewController.swift; sourceTree = "<group>"; };
		809E8EAC29E42026001AB601 /* Base */ = {isa = PBXFileReference; lastKnownFileType = file.storyboard; name = Base; path = Base.lproj/Main.storyboard; sourceTree = "<group>"; };
		809E8EAE29E42027001AB601 /* Assets.xcassets */ = {isa = PBXFileReference; lastKnownFileType = folder.assetcatalog; path = Assets.xcassets; sourceTree = "<group>"; };
		809E8EB129E42027001AB601 /* Base */ = {isa = PBXFileReference; lastKnownFileType = file.storyboard; name = Base; path = Base.lproj/LaunchScreen.storyboard; sourceTree = "<group>"; };
		809E8EB829E4211A001AB601 /* MainMenuScene.swift */ = {isa = PBXFileReference; lastKnownFileType = sourcecode.swift; path = MainMenuScene.swift; sourceTree = "<group>"; };
		809E8EBC29E422C9001AB601 /* short-laser-gun-shot.wav */ = {isa = PBXFileReference; lastKnownFileType = audio.wav; path = "short-laser-gun-shot.wav"; sourceTree = "<group>"; };
		809E8EBD29E422CA001AB601 /* space-game.wav */ = {isa = PBXFileReference; lastKnownFileType = audio.wav; path = "space-game.wav"; sourceTree = "<group>"; };
		809E8EC029E422E8001AB601 /* start-level.wav */ = {isa = PBXFileReference; lastKnownFileType = audio.wav; path = "start-level.wav"; sourceTree = "<group>"; };
		809E8EC129E422E9001AB601 /* menu.wav */ = {isa = PBXFileReference; lastKnownFileType = audio.wav; path = menu.wav; sourceTree = "<group>"; };
		809E8EC429E425C6001AB601 /* Info.plist */ = {isa = PBXFileReference; lastKnownFileType = text.plist.xml; path = Info.plist; sourceTree = "<group>"; };
		809E8EC629E42614001AB601 /* Roboto-Regular.ttf */ = {isa = PBXFileReference; lastKnownFileType = file; path = "Roboto-Regular.ttf"; sourceTree = "<group>"; };
		809E8EC729E42614001AB601 /* Roboto-Thin.ttf */ = {isa = PBXFileReference; lastKnownFileType = file; path = "Roboto-Thin.ttf"; sourceTree = "<group>"; };
		809E8ECC29E42DAB001AB601 /* GameScene.swift */ = {isa = PBXFileReference; lastKnownFileType = sourcecode.swift; path = GameScene.swift; sourceTree = "<group>"; };
		80B20E7429E74C0F0097F28E /* Constants.swift */ = {isa = PBXFileReference; lastKnownFileType = sourcecode.swift; path = Constants.swift; sourceTree = "<group>"; };
		80B20E7B29E74F770097F28E /* en */ = {isa = PBXFileReference; lastKnownFileType = text.plist.strings; name = en; path = en.lproj/Localizable.strings; sourceTree = "<group>"; };
		80B20E7D29E74F7F0097F28E /* es */ = {isa = PBXFileReference; lastKnownFileType = text.plist.strings; name = es; path = es.lproj/LaunchScreen.strings; sourceTree = "<group>"; };
		80B20E7E29E74F7F0097F28E /* es */ = {isa = PBXFileReference; lastKnownFileType = text.plist.strings; name = es; path = es.lproj/Main.strings; sourceTree = "<group>"; };
		80B20E7F29E74F7F0097F28E /* es */ = {isa = PBXFileReference; lastKnownFileType = text.plist.strings; name = es; path = es.lproj/Localizable.strings; sourceTree = "<group>"; };
		80B20E8129E74F980097F28E /* en */ = {isa = PBXFileReference; lastKnownFileType = text.plist.strings; name = en; path = en.lproj/LaunchScreen.strings; sourceTree = "<group>"; };
		80B20E8329E74F9C0097F28E /* en */ = {isa = PBXFileReference; lastKnownFileType = text.plist.strings; name = en; path = en.lproj/Main.strings; sourceTree = "<group>"; };
		80F0DB7429E575F400F8782B /* GameOverScene.swift */ = {isa = PBXFileReference; lastKnownFileType = sourcecode.swift; path = GameOverScene.swift; sourceTree = "<group>"; };
		80F0DB7629E595BE00F8782B /* EnemyExplosion.atlas */ = {isa = PBXFileReference; lastKnownFileType = folder.skatlas; path = EnemyExplosion.atlas; sourceTree = "<group>"; };
		80F0DB7829E595C300F8782B /* Explosion.atlas */ = {isa = PBXFileReference; lastKnownFileType = folder.skatlas; path = Explosion.atlas; sourceTree = "<group>"; };
		80F0DB7A29E595C700F8782B /* PlayerExplosion.atlas */ = {isa = PBXFileReference; lastKnownFileType = folder.skatlas; path = PlayerExplosion.atlas; sourceTree = "<group>"; };
		80F0DB7C29E59BA600F8782B /* player-explosion.wav */ = {isa = PBXFileReference; lastKnownFileType = audio.wav; path = "player-explosion.wav"; sourceTree = "<group>"; };
		80F0DB7D29E59BA600F8782B /* enemy-explosion.wav */ = {isa = PBXFileReference; lastKnownFileType = audio.wav; path = "enemy-explosion.wav"; sourceTree = "<group>"; };
		80F0DB8129E59DCF00F8782B /* ScoreManager.swift */ = {isa = PBXFileReference; lastKnownFileType = sourcecode.swift; path = ScoreManager.swift; sourceTree = "<group>"; };
/* End PBXFileReference section */

/* Begin PBXFrameworksBuildPhase section */
		809E8E9B29E42026001AB601 /* Frameworks */ = {
			isa = PBXFrameworksBuildPhase;
			buildActionMask = 2147483647;
			files = (
			);
			runOnlyForDeploymentPostprocessing = 0;
		};
/* End PBXFrameworksBuildPhase section */

/* Begin PBXGroup section */
		80210A6F29E56A60005FCB32 /* Components */ = {
			isa = PBXGroup;
			children = (
				802C22CB29E450EF0038841E /* Components.swift */,
			);
			path = Components;
			sourceTree = "<group>";
		};
		802C22C029E44A260038841E /* Extensions */ = {
			isa = PBXGroup;
			children = (
				804188C929E5BBF80026E88E /* CGPoint.swift */,
				802C22C929E44B1E0038841E /* String.swift */,
			);
			path = Extensions;
			sourceTree = "<group>";
		};
		802DF9E929E4D1E5003EC66D /* Textures */ = {
			isa = PBXGroup;
			children = (
				80F0DB7629E595BE00F8782B /* EnemyExplosion.atlas */,
				80210A7229E57195005FCB32 /* EnemyTurbo.atlas */,
				80F0DB7829E595C300F8782B /* Explosion.atlas */,
				80F0DB7A29E595C700F8782B /* PlayerExplosion.atlas */,
				80210A7029E56EC6005FCB32 /* PlayerNormal.atlas */,
				802DF9EA29E4D1EE003EC66D /* PlayerTurbo.atlas */,
			);
			path = Textures;
			sourceTree = "<group>";
		};
		809E8E9529E42026001AB601 = {
			isa = PBXGroup;
			children = (
				809E8EA029E42026001AB601 /* space-war */,
				809E8E9F29E42026001AB601 /* Products */,
			);
			sourceTree = "<group>";
		};
		809E8E9F29E42026001AB601 /* Products */ = {
			isa = PBXGroup;
			children = (
				809E8E9E29E42026001AB601 /* space-war.app */,
			);
			name = Products;
			sourceTree = "<group>";
		};
		809E8EA029E42026001AB601 /* space-war */ = {
			isa = PBXGroup;
			children = (
				809E8EA129E42026001AB601 /* AppDelegate.swift */,
				80B20E7429E74C0F0097F28E /* Constants.swift */,
				80210A6F29E56A60005FCB32 /* Components */,
				80F0DB8029E59DC400F8782B /* Managers */,
				802C22C029E44A260038841E /* Extensions */,
				809E8EBA29E422A4001AB601 /* Resources */,
				809E8ECA29E426AB001AB601 /* Scenes */,
				809E8ECB29E4270C001AB601 /* UI */,
			);
			path = "space-war";
			sourceTree = "<group>";
		};
		809E8EBA29E422A4001AB601 /* Resources */ = {
			isa = PBXGroup;
			children = (
				809E8EAE29E42027001AB601 /* Assets.xcassets */,
				809E8EC529E425E8001AB601 /* Fonts */,
				80B20E7C29E74F770097F28E /* Localizable.strings */,
				809E8EC429E425C6001AB601 /* Info.plist */,
				809E8EBB29E422AC001AB601 /* Sounds */,
				802DF9E929E4D1E5003EC66D /* Textures */,
			);
			path = Resources;
			sourceTree = "<group>";
		};
		809E8EBB29E422AC001AB601 /* Sounds */ = {
			isa = PBXGroup;
			children = (
				80F0DB7D29E59BA600F8782B /* enemy-explosion.wav */,
				809E8EC129E422E9001AB601 /* menu.wav */,
				80F0DB7C29E59BA600F8782B /* player-explosion.wav */,
				809E8EBC29E422C9001AB601 /* short-laser-gun-shot.wav */,
				809E8EBD29E422CA001AB601 /* space-game.wav */,
				809E8EC029E422E8001AB601 /* start-level.wav */,
			);
			path = Sounds;
			sourceTree = "<group>";
		};
		809E8EC529E425E8001AB601 /* Fonts */ = {
			isa = PBXGroup;
			children = (
				809E8EC629E42614001AB601 /* Roboto-Regular.ttf */,
				809E8EC729E42614001AB601 /* Roboto-Thin.ttf */,
			);
			path = Fonts;
			sourceTree = "<group>";
		};
		809E8ECA29E426AB001AB601 /* Scenes */ = {
			isa = PBXGroup;
			children = (
				80F0DB7429E575F400F8782B /* GameOverScene.swift */,
				809E8ECC29E42DAB001AB601 /* GameScene.swift */,
				80731ACF29E69EBF00B6BBF7 /* GameScene+Collisions.swift */,
				80731AC929E69C7900B6BBF7 /* GameScene+Create.swift */,
				80731ACD29E69E5B00B6BBF7 /* GameScene+Delegates.swift */,
				80731ACB29E69D3F00B6BBF7 /* GameScene+UITouch.swift */,
				809E8EB829E4211A001AB601 /* MainMenuScene.swift */,
				809E8EA929E42026001AB601 /* MainViewController.swift */,
			);
			path = Scenes;
			sourceTree = "<group>";
		};
		809E8ECB29E4270C001AB601 /* UI */ = {
			isa = PBXGroup;
			children = (
				809E8EB029E42027001AB601 /* LaunchScreen.storyboard */,
				809E8EAB29E42026001AB601 /* Main.storyboard */,
			);
			path = UI;
			sourceTree = "<group>";
		};
		80F0DB8029E59DC400F8782B /* Managers */ = {
			isa = PBXGroup;
			children = (
				80F0DB8129E59DCF00F8782B /* ScoreManager.swift */,
			);
			path = Managers;
			sourceTree = "<group>";
		};
/* End PBXGroup section */

/* Begin PBXNativeTarget section */
		809E8E9D29E42026001AB601 /* space-war */ = {
			isa = PBXNativeTarget;
			buildConfigurationList = 809E8EB529E42027001AB601 /* Build configuration list for PBXNativeTarget "space-war" */;
			buildPhases = (
				809E8E9A29E42026001AB601 /* Sources */,
				809E8E9B29E42026001AB601 /* Frameworks */,
				809E8E9C29E42026001AB601 /* Resources */,
			);
			buildRules = (
			);
			dependencies = (
			);
			name = "space-war";
			productName = "space-war";
			productReference = 809E8E9E29E42026001AB601 /* space-war.app */;
			productType = "com.apple.product-type.application";
		};
/* End PBXNativeTarget section */

/* Begin PBXProject section */
		809E8E9629E42026001AB601 /* Project object */ = {
			isa = PBXProject;
			attributes = {
				BuildIndependentTargetsInParallel = 1;
				LastSwiftUpdateCheck = 1430;
				LastUpgradeCheck = 1430;
				ORGANIZATIONNAME = "Arturo Carretero Calvo";
				TargetAttributes = {
					809E8E9D29E42026001AB601 = {
						CreatedOnToolsVersion = 14.3;
					};
				};
			};
			buildConfigurationList = 809E8E9929E42026001AB601 /* Build configuration list for PBXProject "space-war" */;
			compatibilityVersion = "Xcode 14.0";
			developmentRegion = en;
			hasScannedForEncodings = 0;
			knownRegions = (
				en,
				Base,
				es,
			);
			mainGroup = 809E8E9529E42026001AB601;
			productRefGroup = 809E8E9F29E42026001AB601 /* Products */;
			projectDirPath = "";
			projectRoot = "";
			targets = (
				809E8E9D29E42026001AB601 /* space-war */,
			);
		};
/* End PBXProject section */

/* Begin PBXResourcesBuildPhase section */
		809E8E9C29E42026001AB601 /* Resources */ = {
			isa = PBXResourcesBuildPhase;
			buildActionMask = 2147483647;
			files = (
				809E8EC229E422E9001AB601 /* start-level.wav in Resources */,
				809E8EAD29E42026001AB601 /* Main.storyboard in Resources */,
				809E8EC829E42614001AB601 /* Roboto-Regular.ttf in Resources */,
				80210A7329E57195005FCB32 /* EnemyTurbo.atlas in Resources */,
				80F0DB7929E595C300F8782B /* Explosion.atlas in Resources */,
				80F0DB7729E595BE00F8782B /* EnemyExplosion.atlas in Resources */,
				80F0DB7B29E595C700F8782B /* PlayerExplosion.atlas in Resources */,
				809E8EAF29E42027001AB601 /* Assets.xcassets in Resources */,
				809E8EBE29E422CA001AB601 /* short-laser-gun-shot.wav in Resources */,
				80F0DB7E29E59BA600F8782B /* player-explosion.wav in Resources */,
				80F0DB7F29E59BA600F8782B /* enemy-explosion.wav in Resources */,
				802DF9EB29E4D1EE003EC66D /* PlayerTurbo.atlas in Resources */,
				809E8EB229E42027001AB601 /* LaunchScreen.storyboard in Resources */,
				80B20E7A29E74F770097F28E /* Localizable.strings in Resources */,
				809E8EBF29E422CA001AB601 /* space-game.wav in Resources */,
				809E8EC329E422E9001AB601 /* menu.wav in Resources */,
				809E8EC929E42614001AB601 /* Roboto-Thin.ttf in Resources */,
				80210A7129E56EC6005FCB32 /* PlayerNormal.atlas in Resources */,
			);
			runOnlyForDeploymentPostprocessing = 0;
		};
/* End PBXResourcesBuildPhase section */

/* Begin PBXSourcesBuildPhase section */
		809E8E9A29E42026001AB601 /* Sources */ = {
			isa = PBXSourcesBuildPhase;
			buildActionMask = 2147483647;
			files = (
				809E8EAA29E42026001AB601 /* MainViewController.swift in Sources */,
				809E8EB929E4211A001AB601 /* MainMenuScene.swift in Sources */,
				80F0DB7529E575F400F8782B /* GameOverScene.swift in Sources */,
				80F0DB8229E59DCF00F8782B /* ScoreManager.swift in Sources */,
				802C22CA29E44B1E0038841E /* String.swift in Sources */,
				80B20E7529E74C0F0097F28E /* Constants.swift in Sources */,
				80731AD029E69EBF00B6BBF7 /* GameScene+Collisions.swift in Sources */,
				809E8ECD29E42DAB001AB601 /* GameScene.swift in Sources */,
				80731ACC29E69D3F00B6BBF7 /* GameScene+UITouch.swift in Sources */,
				80731ACE29E69E5B00B6BBF7 /* GameScene+Delegates.swift in Sources */,
				809E8EA229E42026001AB601 /* AppDelegate.swift in Sources */,
				802C22CC29E450EF0038841E /* Components.swift in Sources */,
				804188CA29E5BBF80026E88E /* CGPoint.swift in Sources */,
				80731ACA29E69C7900B6BBF7 /* GameScene+Create.swift in Sources */,
			);
			runOnlyForDeploymentPostprocessing = 0;
		};
/* End PBXSourcesBuildPhase section */

/* Begin PBXVariantGroup section */
		809E8EAB29E42026001AB601 /* Main.storyboard */ = {
			isa = PBXVariantGroup;
			children = (
				809E8EAC29E42026001AB601 /* Base */,
				80B20E7E29E74F7F0097F28E /* es */,
				80B20E8329E74F9C0097F28E /* en */,
			);
			name = Main.storyboard;
			sourceTree = "<group>";
		};
		809E8EB029E42027001AB601 /* LaunchScreen.storyboard */ = {
			isa = PBXVariantGroup;
			children = (
				809E8EB129E42027001AB601 /* Base */,
				80B20E7D29E74F7F0097F28E /* es */,
				80B20E8129E74F980097F28E /* en */,
			);
			name = LaunchScreen.storyboard;
			sourceTree = "<group>";
		};
		80B20E7C29E74F770097F28E /* Localizable.strings */ = {
			isa = PBXVariantGroup;
			children = (
				80B20E7B29E74F770097F28E /* en */,
				80B20E7F29E74F7F0097F28E /* es */,
			);
			name = Localizable.strings;
			sourceTree = "<group>";
		};
/* End PBXVariantGroup section */

/* Begin XCBuildConfiguration section */
		809E8EB329E42027001AB601 /* Debug */ = {
			isa = XCBuildConfiguration;
			buildSettings = {
				ALWAYS_SEARCH_USER_PATHS = NO;
				CLANG_ANALYZER_LOCALIZABILITY_NONLOCALIZED = YES;
				CLANG_ANALYZER_NONNULL = YES;
				CLANG_ANALYZER_NUMBER_OBJECT_CONVERSION = YES_AGGRESSIVE;
				CLANG_CXX_LANGUAGE_STANDARD = "gnu++20";
				CLANG_ENABLE_MODULES = YES;
				CLANG_ENABLE_OBJC_ARC = YES;
				CLANG_ENABLE_OBJC_WEAK = YES;
				CLANG_WARN_BLOCK_CAPTURE_AUTORELEASING = YES;
				CLANG_WARN_BOOL_CONVERSION = YES;
				CLANG_WARN_COMMA = YES;
				CLANG_WARN_CONSTANT_CONVERSION = YES;
				CLANG_WARN_DEPRECATED_OBJC_IMPLEMENTATIONS = YES;
				CLANG_WARN_DIRECT_OBJC_ISA_USAGE = YES_ERROR;
				CLANG_WARN_DOCUMENTATION_COMMENTS = YES;
				CLANG_WARN_EMPTY_BODY = YES;
				CLANG_WARN_ENUM_CONVERSION = YES;
				CLANG_WARN_INFINITE_RECURSION = YES;
				CLANG_WARN_INT_CONVERSION = YES;
				CLANG_WARN_NON_LITERAL_NULL_CONVERSION = YES;
				CLANG_WARN_OBJC_IMPLICIT_RETAIN_SELF = YES;
				CLANG_WARN_OBJC_LITERAL_CONVERSION = YES;
				CLANG_WARN_OBJC_ROOT_CLASS = YES_ERROR;
				CLANG_WARN_QUOTED_INCLUDE_IN_FRAMEWORK_HEADER = YES;
				CLANG_WARN_RANGE_LOOP_ANALYSIS = YES;
				CLANG_WARN_STRICT_PROTOTYPES = YES;
				CLANG_WARN_SUSPICIOUS_MOVE = YES;
				CLANG_WARN_UNGUARDED_AVAILABILITY = YES_AGGRESSIVE;
				CLANG_WARN_UNREACHABLE_CODE = YES;
				CLANG_WARN__DUPLICATE_METHOD_MATCH = YES;
				COPY_PHASE_STRIP = NO;
				DEBUG_INFORMATION_FORMAT = dwarf;
				ENABLE_STRICT_OBJC_MSGSEND = YES;
				ENABLE_TESTABILITY = YES;
				GCC_C_LANGUAGE_STANDARD = gnu11;
				GCC_DYNAMIC_NO_PIC = NO;
				GCC_NO_COMMON_BLOCKS = YES;
				GCC_OPTIMIZATION_LEVEL = 0;
				GCC_PREPROCESSOR_DEFINITIONS = (
					"DEBUG=1",
					"$(inherited)",
				);
				GCC_WARN_64_TO_32_BIT_CONVERSION = YES;
				GCC_WARN_ABOUT_RETURN_TYPE = YES_ERROR;
				GCC_WARN_UNDECLARED_SELECTOR = YES;
				GCC_WARN_UNINITIALIZED_AUTOS = YES_AGGRESSIVE;
				GCC_WARN_UNUSED_FUNCTION = YES;
				GCC_WARN_UNUSED_VARIABLE = YES;
				IPHONEOS_DEPLOYMENT_TARGET = 16.4;
				MTL_ENABLE_DEBUG_INFO = INCLUDE_SOURCE;
				MTL_FAST_MATH = YES;
				ONLY_ACTIVE_ARCH = YES;
				SDKROOT = iphoneos;
				SWIFT_ACTIVE_COMPILATION_CONDITIONS = DEBUG;
				SWIFT_OPTIMIZATION_LEVEL = "-Onone";
			};
			name = Debug;
		};
		809E8EB429E42027001AB601 /* Release */ = {
			isa = XCBuildConfiguration;
			buildSettings = {
				ALWAYS_SEARCH_USER_PATHS = NO;
				CLANG_ANALYZER_LOCALIZABILITY_NONLOCALIZED = YES;
				CLANG_ANALYZER_NONNULL = YES;
				CLANG_ANALYZER_NUMBER_OBJECT_CONVERSION = YES_AGGRESSIVE;
				CLANG_CXX_LANGUAGE_STANDARD = "gnu++20";
				CLANG_ENABLE_MODULES = YES;
				CLANG_ENABLE_OBJC_ARC = YES;
				CLANG_ENABLE_OBJC_WEAK = YES;
				CLANG_WARN_BLOCK_CAPTURE_AUTORELEASING = YES;
				CLANG_WARN_BOOL_CONVERSION = YES;
				CLANG_WARN_COMMA = YES;
				CLANG_WARN_CONSTANT_CONVERSION = YES;
				CLANG_WARN_DEPRECATED_OBJC_IMPLEMENTATIONS = YES;
				CLANG_WARN_DIRECT_OBJC_ISA_USAGE = YES_ERROR;
				CLANG_WARN_DOCUMENTATION_COMMENTS = YES;
				CLANG_WARN_EMPTY_BODY = YES;
				CLANG_WARN_ENUM_CONVERSION = YES;
				CLANG_WARN_INFINITE_RECURSION = YES;
				CLANG_WARN_INT_CONVERSION = YES;
				CLANG_WARN_NON_LITERAL_NULL_CONVERSION = YES;
				CLANG_WARN_OBJC_IMPLICIT_RETAIN_SELF = YES;
				CLANG_WARN_OBJC_LITERAL_CONVERSION = YES;
				CLANG_WARN_OBJC_ROOT_CLASS = YES_ERROR;
				CLANG_WARN_QUOTED_INCLUDE_IN_FRAMEWORK_HEADER = YES;
				CLANG_WARN_RANGE_LOOP_ANALYSIS = YES;
				CLANG_WARN_STRICT_PROTOTYPES = YES;
				CLANG_WARN_SUSPICIOUS_MOVE = YES;
				CLANG_WARN_UNGUARDED_AVAILABILITY = YES_AGGRESSIVE;
				CLANG_WARN_UNREACHABLE_CODE = YES;
				CLANG_WARN__DUPLICATE_METHOD_MATCH = YES;
				COPY_PHASE_STRIP = NO;
				DEBUG_INFORMATION_FORMAT = "dwarf-with-dsym";
				ENABLE_NS_ASSERTIONS = NO;
				ENABLE_STRICT_OBJC_MSGSEND = YES;
				GCC_C_LANGUAGE_STANDARD = gnu11;
				GCC_NO_COMMON_BLOCKS = YES;
				GCC_WARN_64_TO_32_BIT_CONVERSION = YES;
				GCC_WARN_ABOUT_RETURN_TYPE = YES_ERROR;
				GCC_WARN_UNDECLARED_SELECTOR = YES;
				GCC_WARN_UNINITIALIZED_AUTOS = YES_AGGRESSIVE;
				GCC_WARN_UNUSED_FUNCTION = YES;
				GCC_WARN_UNUSED_VARIABLE = YES;
				IPHONEOS_DEPLOYMENT_TARGET = 16.4;
				MTL_ENABLE_DEBUG_INFO = NO;
				MTL_FAST_MATH = YES;
				SDKROOT = iphoneos;
				SWIFT_COMPILATION_MODE = wholemodule;
				SWIFT_OPTIMIZATION_LEVEL = "-O";
				VALIDATE_PRODUCT = YES;
			};
			name = Release;
		};
		809E8EB629E42027001AB601 /* Debug */ = {
			isa = XCBuildConfiguration;
			buildSettings = {
				ASSETCATALOG_COMPILER_APPICON_NAME = AppIcon;
				ASSETCATALOG_COMPILER_GLOBAL_ACCENT_COLOR_NAME = AccentColor;
				CODE_SIGN_STYLE = Automatic;
				CURRENT_PROJECT_VERSION = 1;
				DEVELOPMENT_TEAM = Q4X55987WE;
				GENERATE_INFOPLIST_FILE = YES;
				INFOPLIST_FILE = "space-war/Resources/Info.plist";
				INFOPLIST_KEY_CFBundleDisplayName = "Space War";
				INFOPLIST_KEY_LSApplicationCategoryType = "public.app-category.arcade-games";
				INFOPLIST_KEY_UIApplicationSupportsIndirectInputEvents = YES;
				INFOPLIST_KEY_UILaunchStoryboardName = LaunchScreen;
				INFOPLIST_KEY_UIMainStoryboardFile = Main;
				INFOPLIST_KEY_UIRequiresFullScreen = YES;
				INFOPLIST_KEY_UIStatusBarHidden = YES;
				INFOPLIST_KEY_UISupportedInterfaceOrientations = "UIInterfaceOrientationLandscapeLeft UIInterfaceOrientationLandscapeRight";
				LD_RUNPATH_SEARCH_PATHS = (
					"$(inherited)",
					"@executable_path/Frameworks",
				);
				MARKETING_VERSION = 1.0.0;
				PRODUCT_BUNDLE_IDENTIFIER = "com.artcc.space-war";
				PRODUCT_NAME = "$(TARGET_NAME)";
				SUPPORTED_PLATFORMS = "iphoneos iphonesimulator";
				SUPPORTS_MACCATALYST = NO;
				SUPPORTS_MAC_DESIGNED_FOR_IPHONE_IPAD = NO;
				SWIFT_EMIT_LOC_STRINGS = YES;
				SWIFT_VERSION = 5.0;
				TARGETED_DEVICE_FAMILY = "1,2";
			};
			name = Debug;
		};
		809E8EB729E42027001AB601 /* Release */ = {
			isa = XCBuildConfiguration;
			buildSettings = {
				ASSETCATALOG_COMPILER_APPICON_NAME = AppIcon;
				ASSETCATALOG_COMPILER_GLOBAL_ACCENT_COLOR_NAME = AccentColor;
				CODE_SIGN_STYLE = Automatic;
				CURRENT_PROJECT_VERSION = 1;
				DEVELOPMENT_TEAM = Q4X55987WE;
				GENERATE_INFOPLIST_FILE = YES;
				INFOPLIST_FILE = "space-war/Resources/Info.plist";
				INFOPLIST_KEY_CFBundleDisplayName = "Space War";
				INFOPLIST_KEY_LSApplicationCategoryType = "public.app-category.arcade-games";
				INFOPLIST_KEY_UIApplicationSupportsIndirectInputEvents = YES;
				INFOPLIST_KEY_UILaunchStoryboardName = LaunchScreen;
				INFOPLIST_KEY_UIMainStoryboardFile = Main;
				INFOPLIST_KEY_UIRequiresFullScreen = YES;
				INFOPLIST_KEY_UIStatusBarHidden = YES;
				INFOPLIST_KEY_UISupportedInterfaceOrientations = "UIInterfaceOrientationLandscapeLeft UIInterfaceOrientationLandscapeRight";
				LD_RUNPATH_SEARCH_PATHS = (
					"$(inherited)",
					"@executable_path/Frameworks",
				);
				MARKETING_VERSION = 1.0.0;
				PRODUCT_BUNDLE_IDENTIFIER = "com.artcc.space-war";
				PRODUCT_NAME = "$(TARGET_NAME)";
				SUPPORTED_PLATFORMS = "iphoneos iphonesimulator";
				SUPPORTS_MACCATALYST = NO;
				SUPPORTS_MAC_DESIGNED_FOR_IPHONE_IPAD = NO;
				SWIFT_EMIT_LOC_STRINGS = YES;
				SWIFT_VERSION = 5.0;
				TARGETED_DEVICE_FAMILY = "1,2";
			};
			name = Release;
		};
/* End XCBuildConfiguration section */

/* Begin XCConfigurationList section */
		809E8E9929E42026001AB601 /* Build configuration list for PBXProject "space-war" */ = {
			isa = XCConfigurationList;
			buildConfigurations = (
				809E8EB329E42027001AB601 /* Debug */,
				809E8EB429E42027001AB601 /* Release */,
			);
			defaultConfigurationIsVisible = 0;
			defaultConfigurationName = Release;
		};
		809E8EB529E42027001AB601 /* Build configuration list for PBXNativeTarget "space-war" */ = {
			isa = XCConfigurationList;
			buildConfigurations = (
				809E8EB629E42027001AB601 /* Debug */,
				809E8EB729E42027001AB601 /* Release */,
			);
			defaultConfigurationIsVisible = 0;
			defaultConfigurationName = Release;
		};
/* End XCConfigurationList section */
	};
	rootObject = 809E8E9629E42026001AB601 /* Project object */;
}
